
Microsoft Visual Studio Solution File, Format Version 11.00
# Visual Studio 2010
Project("{FAE04EC0-301F-11D3-BF4B-00C04F79EFBC}") = "Try3", "Assembly-CSharp.csproj", "{EB209BDF-1DD7-0579-8E34-5BB87C7D4F11}"
EndProject
Global
	GlobalSection(SolutionConfigurationPlatforms) = preSolution
		Debug|Any CPU = Debug|Any CPU
		Release|Any CPU = Release|Any CPU
	EndGlobalSection
	GlobalSection(ProjectConfigurationPlatforms) = postSolution
		{EB209BDF-1DD7-0579-8E34-5BB87C7D4F11}.Debug|Any CPU.ActiveCfg = Debug|Any CPU
		{EB209BDF-1DD7-0579-8E34-5BB87C7D4F11}.Debug|Any CPU.Build.0 = Debug|Any CPU
		{EB209BDF-1DD7-0579-8E34-5BB87C7D4F11}.Release|Any CPU.ActiveCfg = Release|Any CPU
		{EB209BDF-1DD7-0579-8E34-5BB87C7D4F11}.Release|Any CPU.Build.0 = Release|Any CPU
	EndGlobalSection
	GlobalSection(SolutionProperties) = preSolution
		HideSolutionNode = FALSE
	EndGlobalSection
	GlobalSection(MonoDevelopProperties) = preSolution
		StartupItem = Assembly-CSharp.csproj
	EndGlobalSection
EndGlobal
